
Microsoft Visual Studio Solution File, Format Version 12.00
# Visual Studio Version 17
VisualStudioVersion = 17.6.33829.357
MinimumVisualStudioVersion = 10.0.40219.1
Project("{FAE04EC0-301F-11D3-BF4B-00C04F79EFBC}") = "14362_ExpenseManager", "14362_ExpenseManager\14362_ExpenseManager.csproj", "{8AEACB38-7081-4361-A645-C1E5F3DE9D4C}"
EndProject
Global
	GlobalSection(SolutionConfigurationPlatforms) = preSolution
		Debug|Any CPU = Debug|Any CPU
		Release|Any CPU = Release|Any CPU
	EndGlobalSection
	GlobalSection(ProjectConfigurationPlatforms) = postSolution
		{8AEACB38-7081-4361-A645-C1E5F3DE9D4C}.Debug|Any CPU.ActiveCfg = Debug|Any CPU
		{8AEACB38-7081-4361-A645-C1E5F3DE9D4C}.Debug|Any CPU.Build.0 = Debug|Any CPU
		{8AEACB38-7081-4361-A645-C1E5F3DE9D4C}.Release|Any CPU.ActiveCfg = Release|Any CPU
		{8AEACB38-7081-4361-A645-C1E5F3DE9D4C}.Release|Any CPU.Build.0 = Release|Any CPU
	EndGlobalSection
	GlobalSection(SolutionProperties) = preSolution
		HideSolutionNode = FALSE
	EndGlobalSection
	GlobalSection(ExtensibilityGlobals) = postSolution
		SolutionGuid = {D304E0F0-8D8D-4CEB-8B75-9FCEF027BD4B}
	EndGlobalSection
EndGlobal
